
Microsoft Visual Studio Solution File, Format Version 12.00
# Visual Studio Version 17
VisualStudioVersion = 17.12.35527.113
MinimumVisualStudioVersion = 10.0.40219.1
Project("{8BC9CEB8-8B4A-11D0-8D11-00A0C91BC942}") = "COMP2200", "COMP2200.vcxproj", "{9ABD9AEA-943E-4BB6-A113-B7F6929C46A5}"
EndProject
Project("{2150E333-8FDC-42A3-9474-1A3956D46DE8}") = "01", "01", "{240B87A7-2770-40E6-9EAE-087D642327EC}"
EndProject
Project("{2150E333-8FDC-42A3-9474-1A3956D46DE8}") = "02", "02", "{FC08FCC2-675F-4446-A8DB-BE643D3F6208}"
EndProject
Project("{2150E333-8FDC-42A3-9474-1A3956D46DE8}") = "03", "03", "{C3065C22-3CD9-40F4-8C31-2F9E63E60574}"
EndProject
Project("{2150E333-8FDC-42A3-9474-1A3956D46DE8}") = "04", "04", "{F5186350-7C09-41D4-AF83-EE61E01FE3EE}"
EndProject
Project("{2150E333-8FDC-42A3-9474-1A3956D46DE8}") = "05", "05", "{AD1EB4C2-2D00-408D-BBA0-CE21261D653F}"
EndProject
Project("{8BC9CEB8-8B4A-11D0-8D11-00A0C91BC942}") = "2_match_history", "05\2_match_history\2_match_history.vcxproj", "{76D789F7-D6DB-43E9-A53F-2D76C3EB0140}"
EndProject
Project("{8BC9CEB8-8B4A-11D0-8D11-00A0C91BC942}") = "1_whitespace_counter", "05\1_whitespace_counter\1_whitespace_counter.vcxproj", "{2D23C387-582E-4513-9648-B256F9F97095}"
EndProject
Project("{8BC9CEB8-8B4A-11D0-8D11-00A0C91BC942}") = "1_string_case_insensitive_compare", "04\1_string_case_insensitive_compare\1_string_case_insensitive_compare.vcxproj", "{DCF4BD35-D1AF-4FE3-BF9D-FDA359A40611}"
EndProject
Project("{8BC9CEB8-8B4A-11D0-8D11-00A0C91BC942}") = "2_print_string_buffer", "04\2_print_string_buffer\2_print_string_buffer.vcxproj", "{9B18659E-5F2C-437B-B3C3-A334A682FF55}"
EndProject
Project("{8BC9CEB8-8B4A-11D0-8D11-00A0C91BC942}") = "3_file_copy", "05\3_file_copy\3_file_copy.vcxproj", "{04B158D9-977F-4665-9D8A-112D3851DA7D}"
EndProject
Project("{8BC9CEB8-8B4A-11D0-8D11-00A0C91BC942}") = "4_repeat_mark", "05\4_repeat_mark\4_repeat_mark.vcxproj", "{3FF5A79C-3D9E-4DA5-B4B1-B0FB7898654C}"
EndProject
Project("{8BC9CEB8-8B4A-11D0-8D11-00A0C91BC942}") = "5_real_file_copy", "05\5_real_file_copy\5_real_file_copy.vcxproj", "{6FBF2E1E-536A-485B-BFDB-6E0D2E65030D}"
EndProject
Project("{2150E333-8FDC-42A3-9474-1A3956D46DE8}") = "06", "06", "{C74D8774-4B0F-4556-844E-CF77B203592B}"
EndProject
Project("{8BC9CEB8-8B4A-11D0-8D11-00A0C91BC942}") = "1_point_line_rectangle", "06\1_point_line_rectangle\1_point_line_rectangle.vcxproj", "{CEF8B6E7-6936-4B9D-9B89-210745B5FFA8}"
EndProject
Project("{8BC9CEB8-8B4A-11D0-8D11-00A0C91BC942}") = "2_color", "06\2_color\2_color.vcxproj", "{F8ED806A-3890-42D7-BE46-D6164699006F}"
EndProject
Project("{8BC9CEB8-8B4A-11D0-8D11-00A0C91BC942}") = "3_callback_function", "06\3_callback_function\3_callback_function.vcxproj", "{A2225455-4501-4119-BCDF-218FCBC9C0F3}"
EndProject
Project("{8BC9CEB8-8B4A-11D0-8D11-00A0C91BC942}") = "4_quicksort_with_struct", "06\4_quicksort_with_struct\4_quicksort_with_struct.vcxproj", "{941CFCC4-C93D-4E65-8C40-8193D2000FC3}"
EndProject
Project("{8BC9CEB8-8B4A-11D0-8D11-00A0C91BC942}") = "5_radixsort", "06\5_radixsort\5_radixsort.vcxproj", "{ACCF3F54-52A8-4ECC-B5E3-B2139964E283}"
EndProject
Project("{2150E333-8FDC-42A3-9474-1A3956D46DE8}") = "07", "07", "{D2B44F25-49C4-46A2-ABC5-DB4BFBBF9E7F}"
EndProject
Project("{8BC9CEB8-8B4A-11D0-8D11-00A0C91BC942}") = "1_simple_printf", "07\1_simple_printf\1_simple_printf.vcxproj", "{7F1B67AA-D18F-4971-A3C9-E605385E0031}"
EndProject
Global
	GlobalSection(SolutionConfigurationPlatforms) = preSolution
		Debug|x64 = Debug|x64
		Debug|x86 = Debug|x86
		Release|x64 = Release|x64
		Release|x86 = Release|x86
	EndGlobalSection
	GlobalSection(ProjectConfigurationPlatforms) = postSolution
		{9ABD9AEA-943E-4BB6-A113-B7F6929C46A5}.Debug|x64.ActiveCfg = Debug|x64
		{9ABD9AEA-943E-4BB6-A113-B7F6929C46A5}.Debug|x64.Build.0 = Debug|x64
		{9ABD9AEA-943E-4BB6-A113-B7F6929C46A5}.Debug|x86.ActiveCfg = Debug|Win32
		{9ABD9AEA-943E-4BB6-A113-B7F6929C46A5}.Debug|x86.Build.0 = Debug|Win32
		{9ABD9AEA-943E-4BB6-A113-B7F6929C46A5}.Release|x64.ActiveCfg = Release|x64
		{9ABD9AEA-943E-4BB6-A113-B7F6929C46A5}.Release|x64.Build.0 = Release|x64
		{9ABD9AEA-943E-4BB6-A113-B7F6929C46A5}.Release|x86.ActiveCfg = Release|Win32
		{9ABD9AEA-943E-4BB6-A113-B7F6929C46A5}.Release|x86.Build.0 = Release|Win32
		{76D789F7-D6DB-43E9-A53F-2D76C3EB0140}.Debug|x64.ActiveCfg = Debug|x64
		{76D789F7-D6DB-43E9-A53F-2D76C3EB0140}.Debug|x64.Build.0 = Debug|x64
		{76D789F7-D6DB-43E9-A53F-2D76C3EB0140}.Debug|x86.ActiveCfg = Debug|Win32
		{76D789F7-D6DB-43E9-A53F-2D76C3EB0140}.Debug|x86.Build.0 = Debug|Win32
		{76D789F7-D6DB-43E9-A53F-2D76C3EB0140}.Release|x64.ActiveCfg = Release|x64
		{76D789F7-D6DB-43E9-A53F-2D76C3EB0140}.Release|x64.Build.0 = Release|x64
		{76D789F7-D6DB-43E9-A53F-2D76C3EB0140}.Release|x86.ActiveCfg = Release|Win32
		{76D789F7-D6DB-43E9-A53F-2D76C3EB0140}.Release|x86.Build.0 = Release|Win32
		{2D23C387-582E-4513-9648-B256F9F97095}.Debug|x64.ActiveCfg = Debug|x64
		{2D23C387-582E-4513-9648-B256F9F97095}.Debug|x64.Build.0 = Debug|x64
		{2D23C387-582E-4513-9648-B256F9F97095}.Debug|x86.ActiveCfg = Debug|Win32
		{2D23C387-582E-4513-9648-B256F9F97095}.Debug|x86.Build.0 = Debug|Win32
		{2D23C387-582E-4513-9648-B256F9F97095}.Release|x64.ActiveCfg = Release|x64
		{2D23C387-582E-4513-9648-B256F9F97095}.Release|x64.Build.0 = Release|x64
		{2D23C387-582E-4513-9648-B256F9F97095}.Release|x86.ActiveCfg = Release|Win32
		{2D23C387-582E-4513-9648-B256F9F97095}.Release|x86.Build.0 = Release|Win32
		{DCF4BD35-D1AF-4FE3-BF9D-FDA359A40611}.Debug|x64.ActiveCfg = Debug|x64
		{DCF4BD35-D1AF-4FE3-BF9D-FDA359A40611}.Debug|x64.Build.0 = Debug|x64
		{DCF4BD35-D1AF-4FE3-BF9D-FDA359A40611}.Debug|x86.ActiveCfg = Debug|Win32
		{DCF4BD35-D1AF-4FE3-BF9D-FDA359A40611}.Debug|x86.Build.0 = Debug|Win32
		{DCF4BD35-D1AF-4FE3-BF9D-FDA359A40611}.Release|x64.ActiveCfg = Release|x64
		{DCF4BD35-D1AF-4FE3-BF9D-FDA359A40611}.Release|x64.Build.0 = Release|x64
		{DCF4BD35-D1AF-4FE3-BF9D-FDA359A40611}.Release|x86.ActiveCfg = Release|Win32
		{DCF4BD35-D1AF-4FE3-BF9D-FDA359A40611}.Release|x86.Build.0 = Release|Win32
		{9B18659E-5F2C-437B-B3C3-A334A682FF55}.Debug|x64.ActiveCfg = Debug|x64
		{9B18659E-5F2C-437B-B3C3-A334A682FF55}.Debug|x64.Build.0 = Debug|x64
		{9B18659E-5F2C-437B-B3C3-A334A682FF55}.Debug|x86.ActiveCfg = Debug|Win32
		{9B18659E-5F2C-437B-B3C3-A334A682FF55}.Debug|x86.Build.0 = Debug|Win32
		{9B18659E-5F2C-437B-B3C3-A334A682FF55}.Release|x64.ActiveCfg = Release|x64
		{9B18659E-5F2C-437B-B3C3-A334A682FF55}.Release|x64.Build.0 = Release|x64
		{9B18659E-5F2C-437B-B3C3-A334A682FF55}.Release|x86.ActiveCfg = Release|Win32
		{9B18659E-5F2C-437B-B3C3-A334A682FF55}.Release|x86.Build.0 = Release|Win32
		{04B158D9-977F-4665-9D8A-112D3851DA7D}.Debug|x64.ActiveCfg = Debug|x64
		{04B158D9-977F-4665-9D8A-112D3851DA7D}.Debug|x64.Build.0 = Debug|x64
		{04B158D9-977F-4665-9D8A-112D3851DA7D}.Debug|x86.ActiveCfg = Debug|Win32
		{04B158D9-977F-4665-9D8A-112D3851DA7D}.Debug|x86.Build.0 = Debug|Win32
		{04B158D9-977F-4665-9D8A-112D3851DA7D}.Release|x64.ActiveCfg = Release|x64
		{04B158D9-977F-4665-9D8A-112D3851DA7D}.Release|x64.Build.0 = Release|x64
		{04B158D9-977F-4665-9D8A-112D3851DA7D}.Release|x86.ActiveCfg = Release|Win32
		{04B158D9-977F-4665-9D8A-112D3851DA7D}.Release|x86.Build.0 = Release|Win32
		{3FF5A79C-3D9E-4DA5-B4B1-B0FB7898654C}.Debug|x64.ActiveCfg = Debug|x64
		{3FF5A79C-3D9E-4DA5-B4B1-B0FB7898654C}.Debug|x64.Build.0 = Debug|x64
		{3FF5A79C-3D9E-4DA5-B4B1-B0FB7898654C}.Debug|x86.ActiveCfg = Debug|Win32
		{3FF5A79C-3D9E-4DA5-B4B1-B0FB7898654C}.Debug|x86.Build.0 = Debug|Win32
		{3FF5A79C-3D9E-4DA5-B4B1-B0FB7898654C}.Release|x64.ActiveCfg = Release|x64
		{3FF5A79C-3D9E-4DA5-B4B1-B0FB7898654C}.Release|x64.Build.0 = Release|x64
		{3FF5A79C-3D9E-4DA5-B4B1-B0FB7898654C}.Release|x86.ActiveCfg = Release|Win32
		{3FF5A79C-3D9E-4DA5-B4B1-B0FB7898654C}.Release|x86.Build.0 = Release|Win32
		{6FBF2E1E-536A-485B-BFDB-6E0D2E65030D}.Debug|x64.ActiveCfg = Debug|x64
		{6FBF2E1E-536A-485B-BFDB-6E0D2E65030D}.Debug|x64.Build.0 = Debug|x64
		{6FBF2E1E-536A-485B-BFDB-6E0D2E65030D}.Debug|x86.ActiveCfg = Debug|Win32
		{6FBF2E1E-536A-485B-BFDB-6E0D2E65030D}.Debug|x86.Build.0 = Debug|Win32
		{6FBF2E1E-536A-485B-BFDB-6E0D2E65030D}.Release|x64.ActiveCfg = Release|x64
		{6FBF2E1E-536A-485B-BFDB-6E0D2E65030D}.Release|x64.Build.0 = Release|x64
		{6FBF2E1E-536A-485B-BFDB-6E0D2E65030D}.Release|x86.ActiveCfg = Release|Win32
		{6FBF2E1E-536A-485B-BFDB-6E0D2E65030D}.Release|x86.Build.0 = Release|Win32
		{CEF8B6E7-6936-4B9D-9B89-210745B5FFA8}.Debug|x64.ActiveCfg = Debug|x64
		{CEF8B6E7-6936-4B9D-9B89-210745B5FFA8}.Debug|x64.Build.0 = Debug|x64
		{CEF8B6E7-6936-4B9D-9B89-210745B5FFA8}.Debug|x86.ActiveCfg = Debug|Win32
		{CEF8B6E7-6936-4B9D-9B89-210745B5FFA8}.Debug|x86.Build.0 = Debug|Win32
		{CEF8B6E7-6936-4B9D-9B89-210745B5FFA8}.Release|x64.ActiveCfg = Release|x64
		{CEF8B6E7-6936-4B9D-9B89-210745B5FFA8}.Release|x64.Build.0 = Release|x64
		{CEF8B6E7-6936-4B9D-9B89-210745B5FFA8}.Release|x86.ActiveCfg = Release|Win32
		{CEF8B6E7-6936-4B9D-9B89-210745B5FFA8}.Release|x86.Build.0 = Release|Win32
		{F8ED806A-3890-42D7-BE46-D6164699006F}.Debug|x64.ActiveCfg = Debug|x64
		{F8ED806A-3890-42D7-BE46-D6164699006F}.Debug|x64.Build.0 = Debug|x64
		{F8ED806A-3890-42D7-BE46-D6164699006F}.Debug|x86.ActiveCfg = Debug|Win32
		{F8ED806A-3890-42D7-BE46-D6164699006F}.Debug|x86.Build.0 = Debug|Win32
		{F8ED806A-3890-42D7-BE46-D6164699006F}.Release|x64.ActiveCfg = Release|x64
		{F8ED806A-3890-42D7-BE46-D6164699006F}.Release|x64.Build.0 = Release|x64
		{F8ED806A-3890-42D7-BE46-D6164699006F}.Release|x86.ActiveCfg = Release|Win32
		{F8ED806A-3890-42D7-BE46-D6164699006F}.Release|x86.Build.0 = Release|Win32
		{A2225455-4501-4119-BCDF-218FCBC9C0F3}.Debug|x64.ActiveCfg = Debug|x64
		{A2225455-4501-4119-BCDF-218FCBC9C0F3}.Debug|x64.Build.0 = Debug|x64
		{A2225455-4501-4119-BCDF-218FCBC9C0F3}.Debug|x86.ActiveCfg = Debug|Win32
		{A2225455-4501-4119-BCDF-218FCBC9C0F3}.Debug|x86.Build.0 = Debug|Win32
		{A2225455-4501-4119-BCDF-218FCBC9C0F3}.Release|x64.ActiveCfg = Release|x64
		{A2225455-4501-4119-BCDF-218FCBC9C0F3}.Release|x64.Build.0 = Release|x64
		{A2225455-4501-4119-BCDF-218FCBC9C0F3}.Release|x86.ActiveCfg = Release|Win32
		{A2225455-4501-4119-BCDF-218FCBC9C0F3}.Release|x86.Build.0 = Release|Win32
		{941CFCC4-C93D-4E65-8C40-8193D2000FC3}.Debug|x64.ActiveCfg = Debug|x64
		{941CFCC4-C93D-4E65-8C40-8193D2000FC3}.Debug|x64.Build.0 = Debug|x64
		{941CFCC4-C93D-4E65-8C40-8193D2000FC3}.Debug|x86.ActiveCfg = Debug|Win32
		{941CFCC4-C93D-4E65-8C40-8193D2000FC3}.Debug|x86.Build.0 = Debug|Win32
		{941CFCC4-C93D-4E65-8C40-8193D2000FC3}.Release|x64.ActiveCfg = Release|x64
		{941CFCC4-C93D-4E65-8C40-8193D2000FC3}.Release|x64.Build.0 = Release|x64
		{941CFCC4-C93D-4E65-8C40-8193D2000FC3}.Release|x86.ActiveCfg = Release|Win32
		{941CFCC4-C93D-4E65-8C40-8193D2000FC3}.Release|x86.Build.0 = Release|Win32
		{ACCF3F54-52A8-4ECC-B5E3-B2139964E283}.Debug|x64.ActiveCfg = Debug|x64
		{ACCF3F54-52A8-4ECC-B5E3-B2139964E283}.Debug|x64.Build.0 = Debug|x64
		{ACCF3F54-52A8-4ECC-B5E3-B2139964E283}.Debug|x86.ActiveCfg = Debug|Win32
		{ACCF3F54-52A8-4ECC-B5E3-B2139964E283}.Debug|x86.Build.0 = Debug|Win32
		{ACCF3F54-52A8-4ECC-B5E3-B2139964E283}.Release|x64.ActiveCfg = Release|x64
		{ACCF3F54-52A8-4ECC-B5E3-B2139964E283}.Release|x64.Build.0 = Release|x64
		{ACCF3F54-52A8-4ECC-B5E3-B2139964E283}.Release|x86.ActiveCfg = Release|Win32
		{ACCF3F54-52A8-4ECC-B5E3-B2139964E283}.Release|x86.Build.0 = Release|Win32
		{7F1B67AA-D18F-4971-A3C9-E605385E0031}.Debug|x64.ActiveCfg = Debug|x64
		{7F1B67AA-D18F-4971-A3C9-E605385E0031}.Debug|x64.Build.0 = Debug|x64
		{7F1B67AA-D18F-4971-A3C9-E605385E0031}.Debug|x86.ActiveCfg = Debug|Win32
		{7F1B67AA-D18F-4971-A3C9-E605385E0031}.Debug|x86.Build.0 = Debug|Win32
		{7F1B67AA-D18F-4971-A3C9-E605385E0031}.Release|x64.ActiveCfg = Release|x64
		{7F1B67AA-D18F-4971-A3C9-E605385E0031}.Release|x64.Build.0 = Release|x64
		{7F1B67AA-D18F-4971-A3C9-E605385E0031}.Release|x86.ActiveCfg = Release|Win32
		{7F1B67AA-D18F-4971-A3C9-E605385E0031}.Release|x86.Build.0 = Release|Win32
	EndGlobalSection
	GlobalSection(SolutionProperties) = preSolution
		HideSolutionNode = FALSE
	EndGlobalSection
	GlobalSection(NestedProjects) = preSolution
		{76D789F7-D6DB-43E9-A53F-2D76C3EB0140} = {AD1EB4C2-2D00-408D-BBA0-CE21261D653F}
		{2D23C387-582E-4513-9648-B256F9F97095} = {AD1EB4C2-2D00-408D-BBA0-CE21261D653F}
		{DCF4BD35-D1AF-4FE3-BF9D-FDA359A40611} = {F5186350-7C09-41D4-AF83-EE61E01FE3EE}
		{9B18659E-5F2C-437B-B3C3-A334A682FF55} = {F5186350-7C09-41D4-AF83-EE61E01FE3EE}
		{04B158D9-977F-4665-9D8A-112D3851DA7D} = {AD1EB4C2-2D00-408D-BBA0-CE21261D653F}
		{3FF5A79C-3D9E-4DA5-B4B1-B0FB7898654C} = {AD1EB4C2-2D00-408D-BBA0-CE21261D653F}
		{6FBF2E1E-536A-485B-BFDB-6E0D2E65030D} = {AD1EB4C2-2D00-408D-BBA0-CE21261D653F}
		{CEF8B6E7-6936-4B9D-9B89-210745B5FFA8} = {C74D8774-4B0F-4556-844E-CF77B203592B}
		{F8ED806A-3890-42D7-BE46-D6164699006F} = {C74D8774-4B0F-4556-844E-CF77B203592B}
		{A2225455-4501-4119-BCDF-218FCBC9C0F3} = {C74D8774-4B0F-4556-844E-CF77B203592B}
		{941CFCC4-C93D-4E65-8C40-8193D2000FC3} = {C74D8774-4B0F-4556-844E-CF77B203592B}
		{ACCF3F54-52A8-4ECC-B5E3-B2139964E283} = {C74D8774-4B0F-4556-844E-CF77B203592B}
		{7F1B67AA-D18F-4971-A3C9-E605385E0031} = {D2B44F25-49C4-46A2-ABC5-DB4BFBBF9E7F}
	EndGlobalSection
EndGlobal
